
Microsoft Visual Studio Solution File, Format Version 12.00
# Visual Studio Version 17
VisualStudioVersion = 17.8.34330.188
MinimumVisualStudioVersion = 10.0.40219.1
Project("{FAE04EC0-301F-11D3-BF4B-00C04F79EFBC}") = "IcePalace", "IcePalace.csproj", "{52C7874B-2723-4E3C-BA52-868128D84394}"
EndProject
Global
	GlobalSection(SolutionConfigurationPlatforms) = preSolution
		Debug|Any CPU = Debug|Any CPU
		Release|Any CPU = Release|Any CPU
	EndGlobalSection
	GlobalSection(ProjectConfigurationPlatforms) = postSolution
		{52C7874B-2723-4E3C-BA52-868128D84394}.Debug|Any CPU.ActiveCfg = Debug|Any CPU
		{52C7874B-2723-4E3C-BA52-868128D84394}.Debug|Any CPU.Build.0 = Debug|Any CPU
		{52C7874B-2723-4E3C-BA52-868128D84394}.Release|Any CPU.ActiveCfg = Release|Any CPU
		{52C7874B-2723-4E3C-BA52-868128D84394}.Release|Any CPU.Build.0 = Release|Any CPU
	EndGlobalSection
	GlobalSection(SolutionProperties) = preSolution
		HideSolutionNode = FALSE
	EndGlobalSection
	GlobalSection(ExtensibilityGlobals) = postSolution
		SolutionGuid = {A0F97FDE-39F3-4D93-AAFA-756B47A56B96}
	EndGlobalSection
EndGlobal
